
Microsoft Visual Studio Solution File, Format Version 12.00
# Visual Studio Version 16
VisualStudioVersion = 16.0.31424.327
MinimumVisualStudioVersion = 10.0.40219.1
Project("{FAE04EC0-301F-11D3-BF4B-00C04F79EFBC}") = "DevIO.UI.Site", "src\DevIO.UI.Site\DevIO.UI.Site.csproj", "{B288896A-0036-4211-9F37-A4749A034011}"
EndProject
Global
	GlobalSection(SolutionConfigurationPlatforms) = preSolution
		Debug|Any CPU = Debug|Any CPU
		Release|Any CPU = Release|Any CPU
	EndGlobalSection
	GlobalSection(ProjectConfigurationPlatforms) = postSolution
		{B288896A-0036-4211-9F37-A4749A034011}.Debug|Any CPU.ActiveCfg = Debug|Any CPU
		{B288896A-0036-4211-9F37-A4749A034011}.Debug|Any CPU.Build.0 = Debug|Any CPU
		{B288896A-0036-4211-9F37-A4749A034011}.Release|Any CPU.ActiveCfg = Release|Any CPU
		{B288896A-0036-4211-9F37-A4749A034011}.Release|Any CPU.Build.0 = Release|Any CPU
	EndGlobalSection
	GlobalSection(SolutionProperties) = preSolution
		HideSolutionNode = FALSE
	EndGlobalSection
	GlobalSection(ExtensibilityGlobals) = postSolution
		SolutionGuid = {BDB14B5F-50FD-47BA-90D5-16C6CEFFE559}
	EndGlobalSection
EndGlobal
